
Microsoft Visual Studio Solution File, Format Version 12.00
# Visual Studio for Mac
Project("{FAE04EC0-301F-11D3-BF4B-00C04F79EFBC}") = "Roguelike Dungeon", "Assembly-CSharp.csproj", "{F992B830-81E0-15CC-3D16-77D5C23097DA}"
EndProject
Global
	GlobalSection(SolutionConfigurationPlatforms) = preSolution
		Debug|Any CPU = Debug|Any CPU
		Release|Any CPU = Release|Any CPU
	EndGlobalSection
	GlobalSection(ProjectConfigurationPlatforms) = postSolution
		{F992B830-81E0-15CC-3D16-77D5C23097DA}.Debug|Any CPU.ActiveCfg = Debug|Any CPU
		{F992B830-81E0-15CC-3D16-77D5C23097DA}.Debug|Any CPU.Build.0 = Debug|Any CPU
		{F992B830-81E0-15CC-3D16-77D5C23097DA}.Release|Any CPU.ActiveCfg = Release|Any CPU
		{F992B830-81E0-15CC-3D16-77D5C23097DA}.Release|Any CPU.Build.0 = Release|Any CPU
	EndGlobalSection
	GlobalSection(SolutionProperties) = preSolution
		HideSolutionNode = FALSE
	EndGlobalSection
EndGlobal
